// !$*UTF8*$!
{
	archiveVersion = 1;
	classes = {
	};
	objectVersion = 56;
	objects = {

/* Begin PBXBuildFile section */
		67E1E1C729D95077004DA4A4 /* AppDelegate.swift in Sources */ = {isa = PBXBuildFile; fileRef = 67E1E1C629D95077004DA4A4 /* AppDelegate.swift */; };
		67E1E1CE29D95077004DA4A4 /* Main.storyboard in Resources */ = {isa = PBXBuildFile; fileRef = 67E1E1CC29D95077004DA4A4 /* Main.storyboard */; };
		67E1E1D029D95078004DA4A4 /* Assets.xcassets in Resources */ = {isa = PBXBuildFile; fileRef = 67E1E1CF29D95078004DA4A4 /* Assets.xcassets */; };
		67E1E1D329D95078004DA4A4 /* LaunchScreen.storyboard in Resources */ = {isa = PBXBuildFile; fileRef = 67E1E1D129D95078004DA4A4 /* LaunchScreen.storyboard */; };
		67E1E1FF29D9513D004DA4A4 /* TVGuideProtocols.swift in Sources */ = {isa = PBXBuildFile; fileRef = 67E1E1FE29D9513D004DA4A4 /* TVGuideProtocols.swift */; };
		67E1E20029D9513D004DA4A4 /* TVGuideProtocols.swift in Sources */ = {isa = PBXBuildFile; fileRef = 67E1E1FE29D9513D004DA4A4 /* TVGuideProtocols.swift */; };
		67E1E20329D95179004DA4A4 /* TVGuideView.swift in Sources */ = {isa = PBXBuildFile; fileRef = 67E1E20229D95179004DA4A4 /* TVGuideView.swift */; };
		67E1E20429D95179004DA4A4 /* TVGuideView.swift in Sources */ = {isa = PBXBuildFile; fileRef = 67E1E20229D95179004DA4A4 /* TVGuideView.swift */; };
		67E1E20629D951B2004DA4A4 /* TVGuidePresenter.swift in Sources */ = {isa = PBXBuildFile; fileRef = 67E1E20529D951B2004DA4A4 /* TVGuidePresenter.swift */; };
		67E1E20729D951B2004DA4A4 /* TVGuidePresenter.swift in Sources */ = {isa = PBXBuildFile; fileRef = 67E1E20529D951B2004DA4A4 /* TVGuidePresenter.swift */; };
		67E1E20929D95235004DA4A4 /* TVGuideInteractor.swift in Sources */ = {isa = PBXBuildFile; fileRef = 67E1E20829D95235004DA4A4 /* TVGuideInteractor.swift */; };
		67E1E20A29D95235004DA4A4 /* TVGuideInteractor.swift in Sources */ = {isa = PBXBuildFile; fileRef = 67E1E20829D95235004DA4A4 /* TVGuideInteractor.swift */; };
		67E1E20C29D95256004DA4A4 /* TVGuideRouter.swift in Sources */ = {isa = PBXBuildFile; fileRef = 67E1E20B29D95256004DA4A4 /* TVGuideRouter.swift */; };
		67E1E20D29D95256004DA4A4 /* TVGuideRouter.swift in Sources */ = {isa = PBXBuildFile; fileRef = 67E1E20B29D95256004DA4A4 /* TVGuideRouter.swift */; };
		67E1E22629D95E34004DA4A4 /* README.md in Resources */ = {isa = PBXBuildFile; fileRef = 67E1E22029D95E34004DA4A4 /* README.md */; };
		67E1E22729D95E34004DA4A4 /* README.md in Resources */ = {isa = PBXBuildFile; fileRef = 67E1E22029D95E34004DA4A4 /* README.md */; };
		67E1E22829D95E34004DA4A4 /* Cartfile in Resources */ = {isa = PBXBuildFile; fileRef = 67E1E22129D95E34004DA4A4 /* Cartfile */; };
		67E1E22929D95E34004DA4A4 /* Cartfile in Resources */ = {isa = PBXBuildFile; fileRef = 67E1E22129D95E34004DA4A4 /* Cartfile */; };
		67E1E22A29D95E34004DA4A4 /* git_push.sh in Resources */ = {isa = PBXBuildFile; fileRef = 67E1E22229D95E34004DA4A4 /* git_push.sh */; };
		67E1E22B29D95E34004DA4A4 /* git_push.sh in Resources */ = {isa = PBXBuildFile; fileRef = 67E1E22229D95E34004DA4A4 /* git_push.sh */; };
		67E1E22C29D95E34004DA4A4 /* project.yml in Resources */ = {isa = PBXBuildFile; fileRef = 67E1E22329D95E34004DA4A4 /* project.yml */; };
		67E1E22D29D95E34004DA4A4 /* project.yml in Resources */ = {isa = PBXBuildFile; fileRef = 67E1E22329D95E34004DA4A4 /* project.yml */; };
		67E1E22E29D95E34004DA4A4 /* OpenAPIClient.podspec in Resources */ = {isa = PBXBuildFile; fileRef = 67E1E22429D95E34004DA4A4 /* OpenAPIClient.podspec */; };
		67E1E22F29D95E34004DA4A4 /* OpenAPIClient.podspec in Resources */ = {isa = PBXBuildFile; fileRef = 67E1E22429D95E34004DA4A4 /* OpenAPIClient.podspec */; };
		67E1E24229D95E77004DA4A4 /* APIHelper.swift in Sources */ = {isa = PBXBuildFile; fileRef = 67E1E23629D95E77004DA4A4 /* APIHelper.swift */; };
		67E1E24329D95E77004DA4A4 /* APIHelper.swift in Sources */ = {isa = PBXBuildFile; fileRef = 67E1E23629D95E77004DA4A4 /* APIHelper.swift */; };
		67E1E24429D95E77004DA4A4 /* APIs.swift in Sources */ = {isa = PBXBuildFile; fileRef = 67E1E23729D95E77004DA4A4 /* APIs.swift */; };
		67E1E24529D95E77004DA4A4 /* APIs.swift in Sources */ = {isa = PBXBuildFile; fileRef = 67E1E23729D95E77004DA4A4 /* APIs.swift */; };
		67E1E24629D95E77004DA4A4 /* JSONDataEncoding.swift in Sources */ = {isa = PBXBuildFile; fileRef = 67E1E23829D95E77004DA4A4 /* JSONDataEncoding.swift */; };
		67E1E24729D95E77004DA4A4 /* JSONDataEncoding.swift in Sources */ = {isa = PBXBuildFile; fileRef = 67E1E23829D95E77004DA4A4 /* JSONDataEncoding.swift */; };
		67E1E24829D95E77004DA4A4 /* JSONEncodingHelper.swift in Sources */ = {isa = PBXBuildFile; fileRef = 67E1E23929D95E77004DA4A4 /* JSONEncodingHelper.swift */; };
		67E1E24929D95E77004DA4A4 /* JSONEncodingHelper.swift in Sources */ = {isa = PBXBuildFile; fileRef = 67E1E23929D95E77004DA4A4 /* JSONEncodingHelper.swift */; };
		67E1E24A29D95E77004DA4A4 /* OpenISO8601DateFormatter.swift in Sources */ = {isa = PBXBuildFile; fileRef = 67E1E23A29D95E77004DA4A4 /* OpenISO8601DateFormatter.swift */; };
		67E1E24B29D95E77004DA4A4 /* OpenISO8601DateFormatter.swift in Sources */ = {isa = PBXBuildFile; fileRef = 67E1E23A29D95E77004DA4A4 /* OpenISO8601DateFormatter.swift */; };
		67E1E24C29D95E77004DA4A4 /* Models.swift in Sources */ = {isa = PBXBuildFile; fileRef = 67E1E23B29D95E77004DA4A4 /* Models.swift */; };
		67E1E24D29D95E77004DA4A4 /* Models.swift in Sources */ = {isa = PBXBuildFile; fileRef = 67E1E23B29D95E77004DA4A4 /* Models.swift */; };
		67E1E24E29D95E77004DA4A4 /* CodableHelper.swift in Sources */ = {isa = PBXBuildFile; fileRef = 67E1E23C29D95E77004DA4A4 /* CodableHelper.swift */; };
		67E1E24F29D95E77004DA4A4 /* CodableHelper.swift in Sources */ = {isa = PBXBuildFile; fileRef = 67E1E23C29D95E77004DA4A4 /* CodableHelper.swift */; };
		67E1E25029D95E77004DA4A4 /* SynchronizedDictionary.swift in Sources */ = {isa = PBXBuildFile; fileRef = 67E1E23D29D95E77004DA4A4 /* SynchronizedDictionary.swift */; };
		67E1E25129D95E77004DA4A4 /* SynchronizedDictionary.swift in Sources */ = {isa = PBXBuildFile; fileRef = 67E1E23D29D95E77004DA4A4 /* SynchronizedDictionary.swift */; };
		67E1E25229D95E77004DA4A4 /* Configuration.swift in Sources */ = {isa = PBXBuildFile; fileRef = 67E1E23E29D95E77004DA4A4 /* Configuration.swift */; };
		67E1E25329D95E77004DA4A4 /* Configuration.swift in Sources */ = {isa = PBXBuildFile; fileRef = 67E1E23E29D95E77004DA4A4 /* Configuration.swift */; };
		67E1E25429D95E77004DA4A4 /* Extensions.swift in Sources */ = {isa = PBXBuildFile; fileRef = 67E1E23F29D95E77004DA4A4 /* Extensions.swift */; };
		67E1E25529D95E77004DA4A4 /* Extensions.swift in Sources */ = {isa = PBXBuildFile; fileRef = 67E1E23F29D95E77004DA4A4 /* Extensions.swift */; };
		67E1E25629D95E77004DA4A4 /* Validation.swift in Sources */ = {isa = PBXBuildFile; fileRef = 67E1E24029D95E77004DA4A4 /* Validation.swift */; };
		67E1E25729D95E77004DA4A4 /* Validation.swift in Sources */ = {isa = PBXBuildFile; fileRef = 67E1E24029D95E77004DA4A4 /* Validation.swift */; };
		67E1E25829D95E77004DA4A4 /* URLSessionImplementations.swift in Sources */ = {isa = PBXBuildFile; fileRef = 67E1E24129D95E77004DA4A4 /* URLSessionImplementations.swift */; };
		67E1E25929D95E77004DA4A4 /* URLSessionImplementations.swift in Sources */ = {isa = PBXBuildFile; fileRef = 67E1E24129D95E77004DA4A4 /* URLSessionImplementations.swift */; };
		67E1E25D29D95E86004DA4A4 /* ProgramItem.swift in Sources */ = {isa = PBXBuildFile; fileRef = 67E1E25A29D95E86004DA4A4 /* ProgramItem.swift */; };
		67E1E25E29D95E86004DA4A4 /* ProgramItem.swift in Sources */ = {isa = PBXBuildFile; fileRef = 67E1E25A29D95E86004DA4A4 /* ProgramItem.swift */; };
		67E1E25F29D95E86004DA4A4 /* Channel.swift in Sources */ = {isa = PBXBuildFile; fileRef = 67E1E25B29D95E86004DA4A4 /* Channel.swift */; };
		67E1E26029D95E86004DA4A4 /* Channel.swift in Sources */ = {isa = PBXBuildFile; fileRef = 67E1E25B29D95E86004DA4A4 /* Channel.swift */; };
		67E1E26129D95E86004DA4A4 /* ProgramItemRecentAirTime.swift in Sources */ = {isa = PBXBuildFile; fileRef = 67E1E25C29D95E86004DA4A4 /* ProgramItemRecentAirTime.swift */; };
		67E1E26229D95E86004DA4A4 /* ProgramItemRecentAirTime.swift in Sources */ = {isa = PBXBuildFile; fileRef = 67E1E25C29D95E86004DA4A4 /* ProgramItemRecentAirTime.swift */; };
		67E1E26429D95E8F004DA4A4 /* DefaultAPI.swift in Sources */ = {isa = PBXBuildFile; fileRef = 67E1E26329D95E8F004DA4A4 /* DefaultAPI.swift */; };
		67E1E26529D95E8F004DA4A4 /* DefaultAPI.swift in Sources */ = {isa = PBXBuildFile; fileRef = 67E1E26329D95E8F004DA4A4 /* DefaultAPI.swift */; };
		67E1E26A29D95EA8004DA4A4 /* DefaultAPI.md in Resources */ = {isa = PBXBuildFile; fileRef = 67E1E26629D95EA8004DA4A4 /* DefaultAPI.md */; };
		67E1E26B29D95EA8004DA4A4 /* DefaultAPI.md in Resources */ = {isa = PBXBuildFile; fileRef = 67E1E26629D95EA8004DA4A4 /* DefaultAPI.md */; };
		67E1E26C29D95EA8004DA4A4 /* Channel.md in Resources */ = {isa = PBXBuildFile; fileRef = 67E1E26729D95EA8004DA4A4 /* Channel.md */; };
		67E1E26D29D95EA8004DA4A4 /* Channel.md in Resources */ = {isa = PBXBuildFile; fileRef = 67E1E26729D95EA8004DA4A4 /* Channel.md */; };
		67E1E26E29D95EA8004DA4A4 /* ProgramItem.md in Resources */ = {isa = PBXBuildFile; fileRef = 67E1E26829D95EA8004DA4A4 /* ProgramItem.md */; };
		67E1E26F29D95EA8004DA4A4 /* ProgramItem.md in Resources */ = {isa = PBXBuildFile; fileRef = 67E1E26829D95EA8004DA4A4 /* ProgramItem.md */; };
		67E1E27029D95EA8004DA4A4 /* ProgramItemRecentAirTime.md in Resources */ = {isa = PBXBuildFile; fileRef = 67E1E26929D95EA8004DA4A4 /* ProgramItemRecentAirTime.md */; };
		67E1E27129D95EA8004DA4A4 /* ProgramItemRecentAirTime.md in Resources */ = {isa = PBXBuildFile; fileRef = 67E1E26929D95EA8004DA4A4 /* ProgramItemRecentAirTime.md */; };
		67E1E27529D96088004DA4A4 /* ChannelTableViewCell.swift in Sources */ = {isa = PBXBuildFile; fileRef = 67E1E27329D96088004DA4A4 /* ChannelTableViewCell.swift */; };
		67E1E27629D96088004DA4A4 /* ChannelTableViewCell.swift in Sources */ = {isa = PBXBuildFile; fileRef = 67E1E27329D96088004DA4A4 /* ChannelTableViewCell.swift */; };
		67E1E27729D96088004DA4A4 /* ChannelTableViewCell.xib in Resources */ = {isa = PBXBuildFile; fileRef = 67E1E27429D96088004DA4A4 /* ChannelTableViewCell.xib */; };
		67E1E27829D96088004DA4A4 /* ChannelTableViewCell.xib in Resources */ = {isa = PBXBuildFile; fileRef = 67E1E27429D96088004DA4A4 /* ChannelTableViewCell.xib */; };
		67E1E27B29D96149004DA4A4 /* ProgramCollectionViewCell.swift in Sources */ = {isa = PBXBuildFile; fileRef = 67E1E27929D96149004DA4A4 /* ProgramCollectionViewCell.swift */; };
		67E1E27C29D96149004DA4A4 /* ProgramCollectionViewCell.swift in Sources */ = {isa = PBXBuildFile; fileRef = 67E1E27929D96149004DA4A4 /* ProgramCollectionViewCell.swift */; };
		67E1E27D29D96149004DA4A4 /* ProgramCollectionViewCell.xib in Resources */ = {isa = PBXBuildFile; fileRef = 67E1E27A29D96149004DA4A4 /* ProgramCollectionViewCell.xib */; };
		67E1E27E29D96149004DA4A4 /* ProgramCollectionViewCell.xib in Resources */ = {isa = PBXBuildFile; fileRef = 67E1E27A29D96149004DA4A4 /* ProgramCollectionViewCell.xib */; };
		67E1E28029D9A0C1004DA4A4 /* TVGuideAPIClientProtocol.swift in Sources */ = {isa = PBXBuildFile; fileRef = 67E1E27F29D9A0C1004DA4A4 /* TVGuideAPIClientProtocol.swift */; };
		67E1E28129D9A0C1004DA4A4 /* TVGuideAPIClientProtocol.swift in Sources */ = {isa = PBXBuildFile; fileRef = 67E1E27F29D9A0C1004DA4A4 /* TVGuideAPIClientProtocol.swift */; };
		67E1E28429D9A0E1004DA4A4 /* TVGuideAPIClient.swift in Sources */ = {isa = PBXBuildFile; fileRef = 67E1E28329D9A0E1004DA4A4 /* TVGuideAPIClient.swift */; };
		67E1E28529D9A0E1004DA4A4 /* TVGuideAPIClient.swift in Sources */ = {isa = PBXBuildFile; fileRef = 67E1E28329D9A0E1004DA4A4 /* TVGuideAPIClient.swift */; };
		67E1E28829D9AD6A004DA4A4 /* Storyboardable.swift in Sources */ = {isa = PBXBuildFile; fileRef = 67E1E28729D9AD6A004DA4A4 /* Storyboardable.swift */; };
		67E1E28929D9AD6A004DA4A4 /* Storyboardable.swift in Sources */ = {isa = PBXBuildFile; fileRef = 67E1E28729D9AD6A004DA4A4 /* Storyboardable.swift */; };
		67E1E28B29D9AD9B004DA4A4 /* StoryboardType.swift in Sources */ = {isa = PBXBuildFile; fileRef = 67E1E28A29D9AD9B004DA4A4 /* StoryboardType.swift */; };
		67E1E28C29D9AD9B004DA4A4 /* StoryboardType.swift in Sources */ = {isa = PBXBuildFile; fileRef = 67E1E28A29D9AD9B004DA4A4 /* StoryboardType.swift */; };
		67E1E28E29D9B939004DA4A4 /* TVGuideInteractorTests.swift in Sources */ = {isa = PBXBuildFile; fileRef = 67E1E28D29D9B939004DA4A4 /* TVGuideInteractorTests.swift */; };
		67E1E29129D9B9A8004DA4A4 /* MockTVGuideAPIClient.swift in Sources */ = {isa = PBXBuildFile; fileRef = 67E1E28F29D9B9A8004DA4A4 /* MockTVGuideAPIClient.swift */; };
		67E1E29529D9BB40004DA4A4 /* TVGuideInteractorOutputMock.swift in Sources */ = {isa = PBXBuildFile; fileRef = 67E1E29329D9BB40004DA4A4 /* TVGuideInteractorOutputMock.swift */; };
		67E1E29729D9BC06004DA4A4 /* TVGuideAPIError.swift in Sources */ = {isa = PBXBuildFile; fileRef = 67E1E29629D9BC06004DA4A4 /* TVGuideAPIError.swift */; };
		67E1E29829D9BC06004DA4A4 /* TVGuideAPIError.swift in Sources */ = {isa = PBXBuildFile; fileRef = 67E1E29629D9BC06004DA4A4 /* TVGuideAPIError.swift */; };
		67E1E29A29D9C2BE004DA4A4 /* InteractorTests.swift in Sources */ = {isa = PBXBuildFile; fileRef = 67E1E29929D9C2BE004DA4A4 /* InteractorTests.swift */; };
/* End PBXBuildFile section */

/* Begin PBXContainerItemProxy section */
		67E1E1DA29D95078004DA4A4 /* PBXContainerItemProxy */ = {
			isa = PBXContainerItemProxy;
			containerPortal = 67E1E1BB29D95077004DA4A4 /* Project object */;
			proxyType = 1;
			remoteGlobalIDString = 67E1E1C229D95077004DA4A4;
			remoteInfo = TVGuide;
		};
/* End PBXContainerItemProxy section */

/* Begin PBXFileReference section */
		67E1E1C329D95077004DA4A4 /* TVGuide.app */ = {isa = PBXFileReference; explicitFileType = wrapper.application; includeInIndex = 0; path = TVGuide.app; sourceTree = BUILT_PRODUCTS_DIR; };
		67E1E1C629D95077004DA4A4 /* AppDelegate.swift */ = {isa = PBXFileReference; lastKnownFileType = sourcecode.swift; path = AppDelegate.swift; sourceTree = "<group>"; };
		67E1E1CD29D95077004DA4A4 /* Base */ = {isa = PBXFileReference; lastKnownFileType = file.storyboard; name = Base; path = Base.lproj/Main.storyboard; sourceTree = "<group>"; };
		67E1E1CF29D95078004DA4A4 /* Assets.xcassets */ = {isa = PBXFileReference; lastKnownFileType = folder.assetcatalog; path = Assets.xcassets; sourceTree = "<group>"; };
		67E1E1D229D95078004DA4A4 /* Base */ = {isa = PBXFileReference; lastKnownFileType = file.storyboard; name = Base; path = Base.lproj/LaunchScreen.storyboard; sourceTree = "<group>"; };
		67E1E1D429D95078004DA4A4 /* Info.plist */ = {isa = PBXFileReference; lastKnownFileType = text.plist.xml; path = Info.plist; sourceTree = "<group>"; };
		67E1E1D929D95078004DA4A4 /* TVGuideTests.xctest */ = {isa = PBXFileReference; explicitFileType = wrapper.cfbundle; includeInIndex = 0; path = TVGuideTests.xctest; sourceTree = BUILT_PRODUCTS_DIR; };
		67E1E1FE29D9513D004DA4A4 /* TVGuideProtocols.swift */ = {isa = PBXFileReference; lastKnownFileType = sourcecode.swift; path = TVGuideProtocols.swift; sourceTree = "<group>"; };
		67E1E20229D95179004DA4A4 /* TVGuideView.swift */ = {isa = PBXFileReference; lastKnownFileType = sourcecode.swift; path = TVGuideView.swift; sourceTree = "<group>"; };
		67E1E20529D951B2004DA4A4 /* TVGuidePresenter.swift */ = {isa = PBXFileReference; lastKnownFileType = sourcecode.swift; path = TVGuidePresenter.swift; sourceTree = "<group>"; };
		67E1E20829D95235004DA4A4 /* TVGuideInteractor.swift */ = {isa = PBXFileReference; lastKnownFileType = sourcecode.swift; path = TVGuideInteractor.swift; sourceTree = "<group>"; };
		67E1E20B29D95256004DA4A4 /* TVGuideRouter.swift */ = {isa = PBXFileReference; lastKnownFileType = sourcecode.swift; path = TVGuideRouter.swift; sourceTree = "<group>"; };
		67E1E22029D95E34004DA4A4 /* README.md */ = {isa = PBXFileReference; fileEncoding = 4; lastKnownFileType = net.daringfireball.markdown; name = README.md; path = TvGuideApiClient/README.md; sourceTree = SOURCE_ROOT; };
		67E1E22129D95E34004DA4A4 /* Cartfile */ = {isa = PBXFileReference; fileEncoding = 4; lastKnownFileType = text; name = Cartfile; path = TvGuideApiClient/Cartfile; sourceTree = SOURCE_ROOT; };
		67E1E22229D95E34004DA4A4 /* git_push.sh */ = {isa = PBXFileReference; fileEncoding = 4; lastKnownFileType = text.script.sh; name = git_push.sh; path = TvGuideApiClient/git_push.sh; sourceTree = SOURCE_ROOT; };
		67E1E22329D95E34004DA4A4 /* project.yml */ = {isa = PBXFileReference; fileEncoding = 4; lastKnownFileType = text.yaml; name = project.yml; path = TvGuideApiClient/project.yml; sourceTree = SOURCE_ROOT; };
		67E1E22429D95E34004DA4A4 /* OpenAPIClient.podspec */ = {isa = PBXFileReference; lastKnownFileType = file; name = OpenAPIClient.podspec; path = TvGuideApiClient/OpenAPIClient.podspec; sourceTree = SOURCE_ROOT; };
		67E1E23629D95E77004DA4A4 /* APIHelper.swift */ = {isa = PBXFileReference; fileEncoding = 4; lastKnownFileType = sourcecode.swift; name = APIHelper.swift; path = TvGuideApiClient/OpenAPIClient/Classes/OpenAPIs/APIHelper.swift; sourceTree = SOURCE_ROOT; };
		67E1E23729D95E77004DA4A4 /* APIs.swift */ = {isa = PBXFileReference; fileEncoding = 4; lastKnownFileType = sourcecode.swift; name = APIs.swift; path = TvGuideApiClient/OpenAPIClient/Classes/OpenAPIs/APIs.swift; sourceTree = SOURCE_ROOT; };
		67E1E23829D95E77004DA4A4 /* JSONDataEncoding.swift */ = {isa = PBXFileReference; fileEncoding = 4; lastKnownFileType = sourcecode.swift; name = JSONDataEncoding.swift; path = TvGuideApiClient/OpenAPIClient/Classes/OpenAPIs/JSONDataEncoding.swift; sourceTree = SOURCE_ROOT; };
		67E1E23929D95E77004DA4A4 /* JSONEncodingHelper.swift */ = {isa = PBXFileReference; fileEncoding = 4; lastKnownFileType = sourcecode.swift; name = JSONEncodingHelper.swift; path = TvGuideApiClient/OpenAPIClient/Classes/OpenAPIs/JSONEncodingHelper.swift; sourceTree = SOURCE_ROOT; };
		67E1E23A29D95E77004DA4A4 /* OpenISO8601DateFormatter.swift */ = {isa = PBXFileReference; fileEncoding = 4; lastKnownFileType = sourcecode.swift; name = OpenISO8601DateFormatter.swift; path = TvGuideApiClient/OpenAPIClient/Classes/OpenAPIs/OpenISO8601DateFormatter.swift; sourceTree = SOURCE_ROOT; };
		67E1E23B29D95E77004DA4A4 /* Models.swift */ = {isa = PBXFileReference; fileEncoding = 4; lastKnownFileType = sourcecode.swift; name = Models.swift; path = TvGuideApiClient/OpenAPIClient/Classes/OpenAPIs/Models.swift; sourceTree = SOURCE_ROOT; };
		67E1E23C29D95E77004DA4A4 /* CodableHelper.swift */ = {isa = PBXFileReference; fileEncoding = 4; lastKnownFileType = sourcecode.swift; name = CodableHelper.swift; path = TvGuideApiClient/OpenAPIClient/Classes/OpenAPIs/CodableHelper.swift; sourceTree = SOURCE_ROOT; };
		67E1E23D29D95E77004DA4A4 /* SynchronizedDictionary.swift */ = {isa = PBXFileReference; fileEncoding = 4; lastKnownFileType = sourcecode.swift; name = SynchronizedDictionary.swift; path = TvGuideApiClient/OpenAPIClient/Classes/OpenAPIs/SynchronizedDictionary.swift; sourceTree = SOURCE_ROOT; };
		67E1E23E29D95E77004DA4A4 /* Configuration.swift */ = {isa = PBXFileReference; fileEncoding = 4; lastKnownFileType = sourcecode.swift; name = Configuration.swift; path = TvGuideApiClient/OpenAPIClient/Classes/OpenAPIs/Configuration.swift; sourceTree = SOURCE_ROOT; };
		67E1E23F29D95E77004DA4A4 /* Extensions.swift */ = {isa = PBXFileReference; fileEncoding = 4; lastKnownFileType = sourcecode.swift; name = Extensions.swift; path = TvGuideApiClient/OpenAPIClient/Classes/OpenAPIs/Extensions.swift; sourceTree = SOURCE_ROOT; };
		67E1E24029D95E77004DA4A4 /* Validation.swift */ = {isa = PBXFileReference; fileEncoding = 4; lastKnownFileType = sourcecode.swift; name = Validation.swift; path = TvGuideApiClient/OpenAPIClient/Classes/OpenAPIs/Validation.swift; sourceTree = SOURCE_ROOT; };
		67E1E24129D95E77004DA4A4 /* URLSessionImplementations.swift */ = {isa = PBXFileReference; fileEncoding = 4; lastKnownFileType = sourcecode.swift; name = URLSessionImplementations.swift; path = TvGuideApiClient/OpenAPIClient/Classes/OpenAPIs/URLSessionImplementations.swift; sourceTree = SOURCE_ROOT; };
		67E1E25A29D95E86004DA4A4 /* ProgramItem.swift */ = {isa = PBXFileReference; fileEncoding = 4; lastKnownFileType = sourcecode.swift; name = ProgramItem.swift; path = TvGuideApiClient/OpenAPIClient/Classes/OpenAPIs/Models/ProgramItem.swift; sourceTree = SOURCE_ROOT; };
		67E1E25B29D95E86004DA4A4 /* Channel.swift */ = {isa = PBXFileReference; fileEncoding = 4; lastKnownFileType = sourcecode.swift; name = Channel.swift; path = TvGuideApiClient/OpenAPIClient/Classes/OpenAPIs/Models/Channel.swift; sourceTree = SOURCE_ROOT; };
		67E1E25C29D95E86004DA4A4 /* ProgramItemRecentAirTime.swift */ = {isa = PBXFileReference; fileEncoding = 4; lastKnownFileType = sourcecode.swift; name = ProgramItemRecentAirTime.swift; path = TvGuideApiClient/OpenAPIClient/Classes/OpenAPIs/Models/ProgramItemRecentAirTime.swift; sourceTree = SOURCE_ROOT; };
		67E1E26329D95E8F004DA4A4 /* DefaultAPI.swift */ = {isa = PBXFileReference; fileEncoding = 4; lastKnownFileType = sourcecode.swift; name = DefaultAPI.swift; path = TvGuideApiClient/OpenAPIClient/Classes/OpenAPIs/APIs/DefaultAPI.swift; sourceTree = SOURCE_ROOT; };
		67E1E26629D95EA8004DA4A4 /* DefaultAPI.md */ = {isa = PBXFileReference; fileEncoding = 4; lastKnownFileType = net.daringfireball.markdown; name = DefaultAPI.md; path = TvGuideApiClient/docs/DefaultAPI.md; sourceTree = SOURCE_ROOT; };
		67E1E26729D95EA8004DA4A4 /* Channel.md */ = {isa = PBXFileReference; fileEncoding = 4; lastKnownFileType = net.daringfireball.markdown; name = Channel.md; path = TvGuideApiClient/docs/Channel.md; sourceTree = SOURCE_ROOT; };
		67E1E26829D95EA8004DA4A4 /* ProgramItem.md */ = {isa = PBXFileReference; fileEncoding = 4; lastKnownFileType = net.daringfireball.markdown; name = ProgramItem.md; path = TvGuideApiClient/docs/ProgramItem.md; sourceTree = SOURCE_ROOT; };
		67E1E26929D95EA8004DA4A4 /* ProgramItemRecentAirTime.md */ = {isa = PBXFileReference; fileEncoding = 4; lastKnownFileType = net.daringfireball.markdown; name = ProgramItemRecentAirTime.md; path = TvGuideApiClient/docs/ProgramItemRecentAirTime.md; sourceTree = SOURCE_ROOT; };
		67E1E27329D96088004DA4A4 /* ChannelTableViewCell.swift */ = {isa = PBXFileReference; lastKnownFileType = sourcecode.swift; path = ChannelTableViewCell.swift; sourceTree = "<group>"; };
		67E1E27429D96088004DA4A4 /* ChannelTableViewCell.xib */ = {isa = PBXFileReference; lastKnownFileType = file.xib; path = ChannelTableViewCell.xib; sourceTree = "<group>"; };
		67E1E27929D96149004DA4A4 /* ProgramCollectionViewCell.swift */ = {isa = PBXFileReference; lastKnownFileType = sourcecode.swift; path = ProgramCollectionViewCell.swift; sourceTree = "<group>"; };
		67E1E27A29D96149004DA4A4 /* ProgramCollectionViewCell.xib */ = {isa = PBXFileReference; lastKnownFileType = file.xib; path = ProgramCollectionViewCell.xib; sourceTree = "<group>"; };
		67E1E27F29D9A0C1004DA4A4 /* TVGuideAPIClientProtocol.swift */ = {isa = PBXFileReference; lastKnownFileType = sourcecode.swift; path = TVGuideAPIClientProtocol.swift; sourceTree = "<group>"; };
		67E1E28329D9A0E1004DA4A4 /* TVGuideAPIClient.swift */ = {isa = PBXFileReference; lastKnownFileType = sourcecode.swift; path = TVGuideAPIClient.swift; sourceTree = "<group>"; };
		67E1E28729D9AD6A004DA4A4 /* Storyboardable.swift */ = {isa = PBXFileReference; lastKnownFileType = sourcecode.swift; path = Storyboardable.swift; sourceTree = "<group>"; };
		67E1E28A29D9AD9B004DA4A4 /* StoryboardType.swift */ = {isa = PBXFileReference; lastKnownFileType = sourcecode.swift; path = StoryboardType.swift; sourceTree = "<group>"; };
		67E1E28D29D9B939004DA4A4 /* TVGuideInteractorTests.swift */ = {isa = PBXFileReference; lastKnownFileType = sourcecode.swift; path = TVGuideInteractorTests.swift; sourceTree = "<group>"; };
		67E1E28F29D9B9A8004DA4A4 /* MockTVGuideAPIClient.swift */ = {isa = PBXFileReference; lastKnownFileType = sourcecode.swift; path = MockTVGuideAPIClient.swift; sourceTree = "<group>"; };
		67E1E29329D9BB40004DA4A4 /* TVGuideInteractorOutputMock.swift */ = {isa = PBXFileReference; lastKnownFileType = sourcecode.swift; path = TVGuideInteractorOutputMock.swift; sourceTree = "<group>"; };
		67E1E29629D9BC06004DA4A4 /* TVGuideAPIError.swift */ = {isa = PBXFileReference; lastKnownFileType = sourcecode.swift; path = TVGuideAPIError.swift; sourceTree = "<group>"; };
		67E1E29929D9C2BE004DA4A4 /* InteractorTests.swift */ = {isa = PBXFileReference; lastKnownFileType = sourcecode.swift; path = InteractorTests.swift; sourceTree = "<group>"; };
		67E1E2A229D9C920004DA4A4 /* Readme.md */ = {isa = PBXFileReference; lastKnownFileType = net.daringfireball.markdown; path = Readme.md; sourceTree = "<group>"; };
/* End PBXFileReference section */

/* Begin PBXFrameworksBuildPhase section */
		67E1E1C029D95077004DA4A4 /* Frameworks */ = {
			isa = PBXFrameworksBuildPhase;
			buildActionMask = 2147483647;
			files = (
			);
			runOnlyForDeploymentPostprocessing = 0;
		};
		67E1E1D629D95078004DA4A4 /* Frameworks */ = {
			isa = PBXFrameworksBuildPhase;
			buildActionMask = 2147483647;
			files = (
			);
			runOnlyForDeploymentPostprocessing = 0;
		};
/* End PBXFrameworksBuildPhase section */

/* Begin PBXGroup section */
		67E1E1BA29D95077004DA4A4 = {
			isa = PBXGroup;
			children = (
				67E1E2A229D9C920004DA4A4 /* Readme.md */,
				67E1E1C529D95077004DA4A4 /* TVGuide */,
				67E1E1C429D95077004DA4A4 /* Products */,
			);
			sourceTree = "<group>";
		};
		67E1E1C429D95077004DA4A4 /* Products */ = {
			isa = PBXGroup;
			children = (
				67E1E1C329D95077004DA4A4 /* TVGuide.app */,
				67E1E1D929D95078004DA4A4 /* TVGuideTests.xctest */,
			);
			name = Products;
			sourceTree = "<group>";
		};
		67E1E1C529D95077004DA4A4 /* TVGuide */ = {
			isa = PBXGroup;
			children = (
				67E1E1C629D95077004DA4A4 /* AppDelegate.swift */,
				67E1E1CC29D95077004DA4A4 /* Main.storyboard */,
				67E1E1CF29D95078004DA4A4 /* Assets.xcassets */,
				67E1E1D129D95078004DA4A4 /* LaunchScreen.storyboard */,
				67E1E1D429D95078004DA4A4 /* Info.plist */,
				67E1E1DC29D95078004DA4A4 /* TVGuideTests */,
				67E1E29B29D9C811004DA4A4 /* VIPER */,
				67E1E2A129D9C8C1004DA4A4 /* Networking */,
				67E1E28629D9AD5E004DA4A4 /* Utility */,
			);
			path = TVGuide;
			sourceTree = "<group>";
		};
		67E1E1DC29D95078004DA4A4 /* TVGuideTests */ = {
			isa = PBXGroup;
			children = (
				67E1E29229D9BADC004DA4A4 /* Mocks */,
				67E1E28D29D9B939004DA4A4 /* TVGuideInteractorTests.swift */,
				67E1E29929D9C2BE004DA4A4 /* InteractorTests.swift */,
			);
			path = TVGuideTests;
			sourceTree = "<group>";
		};
		67E1E1FD29D95125004DA4A4 /* Protocols */ = {
			isa = PBXGroup;
			children = (
				67E1E1FE29D9513D004DA4A4 /* TVGuideProtocols.swift */,
				67E1E27F29D9A0C1004DA4A4 /* TVGuideAPIClientProtocol.swift */,
			);
			path = Protocols;
			sourceTree = "<group>";
		};
		67E1E21D29D95DED004DA4A4 /* TvGuideApiClient */ = {
			isa = PBXGroup;
			children = (
				67E1E28229D9A0D3004DA4A4 /* Networking */,
				67E1E22129D95E34004DA4A4 /* Cartfile */,
				67E1E22229D95E34004DA4A4 /* git_push.sh */,
				67E1E22429D95E34004DA4A4 /* OpenAPIClient.podspec */,
				67E1E22329D95E34004DA4A4 /* project.yml */,
				67E1E22029D95E34004DA4A4 /* README.md */,
				67E1E21F29D95E25004DA4A4 /* OpenAPIClient */,
				67E1E21E29D95E12004DA4A4 /* docs */,
			);
			path = TvGuideApiClient;
			sourceTree = "<group>";
		};
		67E1E21E29D95E12004DA4A4 /* docs */ = {
			isa = PBXGroup;
			children = (
				67E1E26729D95EA8004DA4A4 /* Channel.md */,
				67E1E26629D95EA8004DA4A4 /* DefaultAPI.md */,
				67E1E26829D95EA8004DA4A4 /* ProgramItem.md */,
				67E1E26929D95EA8004DA4A4 /* ProgramItemRecentAirTime.md */,
			);
			path = docs;
			sourceTree = "<group>";
		};
		67E1E21F29D95E25004DA4A4 /* OpenAPIClient */ = {
			isa = PBXGroup;
			children = (
				67E1E23229D95E41004DA4A4 /* Classes */,
			);
			path = OpenAPIClient;
			sourceTree = "<group>";
		};
		67E1E23229D95E41004DA4A4 /* Classes */ = {
			isa = PBXGroup;
			children = (
				67E1E23329D95E4F004DA4A4 /* OpenAPIs */,
			);
			path = Classes;
			sourceTree = "<group>";
		};
		67E1E23329D95E4F004DA4A4 /* OpenAPIs */ = {
			isa = PBXGroup;
			children = (
				67E1E23629D95E77004DA4A4 /* APIHelper.swift */,
				67E1E23729D95E77004DA4A4 /* APIs.swift */,
				67E1E23C29D95E77004DA4A4 /* CodableHelper.swift */,
				67E1E23E29D95E77004DA4A4 /* Configuration.swift */,
				67E1E23F29D95E77004DA4A4 /* Extensions.swift */,
				67E1E23829D95E77004DA4A4 /* JSONDataEncoding.swift */,
				67E1E23929D95E77004DA4A4 /* JSONEncodingHelper.swift */,
				67E1E23B29D95E77004DA4A4 /* Models.swift */,
				67E1E23A29D95E77004DA4A4 /* OpenISO8601DateFormatter.swift */,
				67E1E23D29D95E77004DA4A4 /* SynchronizedDictionary.swift */,
				67E1E24129D95E77004DA4A4 /* URLSessionImplementations.swift */,
				67E1E24029D95E77004DA4A4 /* Validation.swift */,
				67E1E23529D95E65004DA4A4 /* Models */,
				67E1E23429D95E5C004DA4A4 /* APIs */,
			);
			path = OpenAPIs;
			sourceTree = "<group>";
		};
		67E1E23429D95E5C004DA4A4 /* APIs */ = {
			isa = PBXGroup;
			children = (
				67E1E26329D95E8F004DA4A4 /* DefaultAPI.swift */,
			);
			path = APIs;
			sourceTree = "<group>";
		};
		67E1E23529D95E65004DA4A4 /* Models */ = {
			isa = PBXGroup;
			children = (
				67E1E25B29D95E86004DA4A4 /* Channel.swift */,
				67E1E25A29D95E86004DA4A4 /* ProgramItem.swift */,
				67E1E25C29D95E86004DA4A4 /* ProgramItemRecentAirTime.swift */,
			);
			path = Models;
			sourceTree = "<group>";
		};
		67E1E28229D9A0D3004DA4A4 /* Networking */ = {
			isa = PBXGroup;
			children = (
			);
			path = Networking;
			sourceTree = "<group>";
		};
		67E1E28629D9AD5E004DA4A4 /* Utility */ = {
			isa = PBXGroup;
			children = (
				67E1E28729D9AD6A004DA4A4 /* Storyboardable.swift */,
				67E1E28A29D9AD9B004DA4A4 /* StoryboardType.swift */,
				67E1E28329D9A0E1004DA4A4 /* TVGuideAPIClient.swift */,
				67E1E29629D9BC06004DA4A4 /* TVGuideAPIError.swift */,
			);
			path = Utility;
			sourceTree = "<group>";
		};
		67E1E29229D9BADC004DA4A4 /* Mocks */ = {
			isa = PBXGroup;
			children = (
				67E1E28F29D9B9A8004DA4A4 /* MockTVGuideAPIClient.swift */,
				67E1E29329D9BB40004DA4A4 /* TVGuideInteractorOutputMock.swift */,
			);
			path = Mocks;
			sourceTree = "<group>";
		};
		67E1E29B29D9C811004DA4A4 /* VIPER */ = {
			isa = PBXGroup;
			children = (
				67E1E29E29D9C854004DA4A4 /* Views */,
				67E1E29C29D9C832004DA4A4 /* Interactors */,
				67E1E29D29D9C841004DA4A4 /* Presenters */,
				67E1E2A029D9C882004DA4A4 /* Routers */,
				67E1E1FD29D95125004DA4A4 /* Protocols */,
			);
			path = VIPER;
			sourceTree = "<group>";
		};
		67E1E29C29D9C832004DA4A4 /* Interactors */ = {
			isa = PBXGroup;
			children = (
				67E1E20829D95235004DA4A4 /* TVGuideInteractor.swift */,
			);
			path = Interactors;
			sourceTree = "<group>";
		};
		67E1E29D29D9C841004DA4A4 /* Presenters */ = {
			isa = PBXGroup;
			children = (
				67E1E20529D951B2004DA4A4 /* TVGuidePresenter.swift */,
			);
			path = Presenters;
			sourceTree = "<group>";
		};
		67E1E29E29D9C854004DA4A4 /* Views */ = {
			isa = PBXGroup;
			children = (
				67E1E29F29D9C85B004DA4A4 /* Custom Cells */,
				67E1E20229D95179004DA4A4 /* TVGuideView.swift */,
			);
			path = Views;
			sourceTree = "<group>";
		};
		67E1E29F29D9C85B004DA4A4 /* Custom Cells */ = {
			isa = PBXGroup;
			children = (
				67E1E27329D96088004DA4A4 /* ChannelTableViewCell.swift */,
				67E1E27429D96088004DA4A4 /* ChannelTableViewCell.xib */,
				67E1E27929D96149004DA4A4 /* ProgramCollectionViewCell.swift */,
				67E1E27A29D96149004DA4A4 /* ProgramCollectionViewCell.xib */,
			);
			path = "Custom Cells";
			sourceTree = "<group>";
		};
		67E1E2A029D9C882004DA4A4 /* Routers */ = {
			isa = PBXGroup;
			children = (
				67E1E20B29D95256004DA4A4 /* TVGuideRouter.swift */,
			);
			path = Routers;
			sourceTree = "<group>";
		};
		67E1E2A129D9C8C1004DA4A4 /* Networking */ = {
			isa = PBXGroup;
			children = (
				67E1E21D29D95DED004DA4A4 /* TvGuideApiClient */,
			);
			path = Networking;
			sourceTree = "<group>";
		};
/* End PBXGroup section */

/* Begin PBXNativeTarget section */
		67E1E1C229D95077004DA4A4 /* TVGuide */ = {
			isa = PBXNativeTarget;
			buildConfigurationList = 67E1E1ED29D95078004DA4A4 /* Build configuration list for PBXNativeTarget "TVGuide" */;
			buildPhases = (
				67E1E1BF29D95077004DA4A4 /* Sources */,
				67E1E1C029D95077004DA4A4 /* Frameworks */,
				67E1E1C129D95077004DA4A4 /* Resources */,
			);
			buildRules = (
			);
			dependencies = (
			);
			name = TVGuide;
			productName = TVGuide;
			productReference = 67E1E1C329D95077004DA4A4 /* TVGuide.app */;
			productType = "com.apple.product-type.application";
		};
		67E1E1D829D95078004DA4A4 /* TVGuideTests */ = {
			isa = PBXNativeTarget;
			buildConfigurationList = 67E1E1F029D95078004DA4A4 /* Build configuration list for PBXNativeTarget "TVGuideTests" */;
			buildPhases = (
				67E1E1D529D95078004DA4A4 /* Sources */,
				67E1E1D629D95078004DA4A4 /* Frameworks */,
				67E1E1D729D95078004DA4A4 /* Resources */,
			);
			buildRules = (
			);
			dependencies = (
				67E1E1DB29D95078004DA4A4 /* PBXTargetDependency */,
			);
			name = TVGuideTests;
			productName = TVGuideTests;
			productReference = 67E1E1D929D95078004DA4A4 /* TVGuideTests.xctest */;
			productType = "com.apple.product-type.bundle.unit-test";
		};
/* End PBXNativeTarget section */

/* Begin PBXProject section */
		67E1E1BB29D95077004DA4A4 /* Project object */ = {
			isa = PBXProject;
			attributes = {
				BuildIndependentTargetsInParallel = 1;
				LastSwiftUpdateCheck = 1430;
				LastUpgradeCheck = 1430;
				TargetAttributes = {
					67E1E1C229D95077004DA4A4 = {
						CreatedOnToolsVersion = 14.3;
					};
					67E1E1D829D95078004DA4A4 = {
						CreatedOnToolsVersion = 14.3;
						TestTargetID = 67E1E1C229D95077004DA4A4;
					};
				};
			};
			buildConfigurationList = 67E1E1BE29D95077004DA4A4 /* Build configuration list for PBXProject "TVGuide" */;
			compatibilityVersion = "Xcode 14.0";
			developmentRegion = en;
			hasScannedForEncodings = 0;
			knownRegions = (
				en,
				Base,
			);
			mainGroup = 67E1E1BA29D95077004DA4A4;
			productRefGroup = 67E1E1C429D95077004DA4A4 /* Products */;
			projectDirPath = "";
			projectRoot = "";
			targets = (
				67E1E1C229D95077004DA4A4 /* TVGuide */,
				67E1E1D829D95078004DA4A4 /* TVGuideTests */,
			);
		};
/* End PBXProject section */

/* Begin PBXResourcesBuildPhase section */
		67E1E1C129D95077004DA4A4 /* Resources */ = {
			isa = PBXResourcesBuildPhase;
			buildActionMask = 2147483647;
			files = (
				67E1E22829D95E34004DA4A4 /* Cartfile in Resources */,
				67E1E27029D95EA8004DA4A4 /* ProgramItemRecentAirTime.md in Resources */,
				67E1E26E29D95EA8004DA4A4 /* ProgramItem.md in Resources */,
				67E1E1D329D95078004DA4A4 /* LaunchScreen.storyboard in Resources */,
				67E1E1D029D95078004DA4A4 /* Assets.xcassets in Resources */,
				67E1E22A29D95E34004DA4A4 /* git_push.sh in Resources */,
				67E1E26A29D95EA8004DA4A4 /* DefaultAPI.md in Resources */,
				67E1E22E29D95E34004DA4A4 /* OpenAPIClient.podspec in Resources */,
				67E1E22C29D95E34004DA4A4 /* project.yml in Resources */,
				67E1E22629D95E34004DA4A4 /* README.md in Resources */,
				67E1E27729D96088004DA4A4 /* ChannelTableViewCell.xib in Resources */,
				67E1E26C29D95EA8004DA4A4 /* Channel.md in Resources */,
				67E1E1CE29D95077004DA4A4 /* Main.storyboard in Resources */,
				67E1E27D29D96149004DA4A4 /* ProgramCollectionViewCell.xib in Resources */,
			);
			runOnlyForDeploymentPostprocessing = 0;
		};
		67E1E1D729D95078004DA4A4 /* Resources */ = {
			isa = PBXResourcesBuildPhase;
			buildActionMask = 2147483647;
			files = (
				67E1E22B29D95E34004DA4A4 /* git_push.sh in Resources */,
				67E1E26B29D95EA8004DA4A4 /* DefaultAPI.md in Resources */,
				67E1E22929D95E34004DA4A4 /* Cartfile in Resources */,
				67E1E22D29D95E34004DA4A4 /* project.yml in Resources */,
				67E1E26F29D95EA8004DA4A4 /* ProgramItem.md in Resources */,
				67E1E27829D96088004DA4A4 /* ChannelTableViewCell.xib in Resources */,
				67E1E22729D95E34004DA4A4 /* README.md in Resources */,
				67E1E22F29D95E34004DA4A4 /* OpenAPIClient.podspec in Resources */,
				67E1E27129D95EA8004DA4A4 /* ProgramItemRecentAirTime.md in Resources */,
				67E1E26D29D95EA8004DA4A4 /* Channel.md in Resources */,
				67E1E27E29D96149004DA4A4 /* ProgramCollectionViewCell.xib in Resources */,
			);
			runOnlyForDeploymentPostprocessing = 0;
		};
/* End PBXResourcesBuildPhase section */

/* Begin PBXSourcesBuildPhase section */
		67E1E1BF29D95077004DA4A4 /* Sources */ = {
			isa = PBXSourcesBuildPhase;
			buildActionMask = 2147483647;
			files = (
				67E1E24229D95E77004DA4A4 /* APIHelper.swift in Sources */,
				67E1E24C29D95E77004DA4A4 /* Models.swift in Sources */,
				67E1E28B29D9AD9B004DA4A4 /* StoryboardType.swift in Sources */,
				67E1E25629D95E77004DA4A4 /* Validation.swift in Sources */,
				67E1E20629D951B2004DA4A4 /* TVGuidePresenter.swift in Sources */,
				67E1E1C729D95077004DA4A4 /* AppDelegate.swift in Sources */,
				67E1E25229D95E77004DA4A4 /* Configuration.swift in Sources */,
				67E1E25829D95E77004DA4A4 /* URLSessionImplementations.swift in Sources */,
				67E1E20C29D95256004DA4A4 /* TVGuideRouter.swift in Sources */,
				67E1E24A29D95E77004DA4A4 /* OpenISO8601DateFormatter.swift in Sources */,
				67E1E28029D9A0C1004DA4A4 /* TVGuideAPIClientProtocol.swift in Sources */,
				67E1E25029D95E77004DA4A4 /* SynchronizedDictionary.swift in Sources */,
				67E1E27B29D96149004DA4A4 /* ProgramCollectionViewCell.swift in Sources */,
				67E1E20329D95179004DA4A4 /* TVGuideView.swift in Sources */,
				67E1E24829D95E77004DA4A4 /* JSONEncodingHelper.swift in Sources */,
				67E1E25429D95E77004DA4A4 /* Extensions.swift in Sources */,
				67E1E28829D9AD6A004DA4A4 /* Storyboardable.swift in Sources */,
				67E1E26429D95E8F004DA4A4 /* DefaultAPI.swift in Sources */,
				67E1E27529D96088004DA4A4 /* ChannelTableViewCell.swift in Sources */,
				67E1E25F29D95E86004DA4A4 /* Channel.swift in Sources */,
				67E1E28429D9A0E1004DA4A4 /* TVGuideAPIClient.swift in Sources */,
				67E1E20929D95235004DA4A4 /* TVGuideInteractor.swift in Sources */,
				67E1E1FF29D9513D004DA4A4 /* TVGuideProtocols.swift in Sources */,
				67E1E26129D95E86004DA4A4 /* ProgramItemRecentAirTime.swift in Sources */,
				67E1E25D29D95E86004DA4A4 /* ProgramItem.swift in Sources */,
				67E1E29729D9BC06004DA4A4 /* TVGuideAPIError.swift in Sources */,
				67E1E24629D95E77004DA4A4 /* JSONDataEncoding.swift in Sources */,
				67E1E24E29D95E77004DA4A4 /* CodableHelper.swift in Sources */,
				67E1E24429D95E77004DA4A4 /* APIs.swift in Sources */,
			);
			runOnlyForDeploymentPostprocessing = 0;
		};
		67E1E1D529D95078004DA4A4 /* Sources */ = {
			isa = PBXSourcesBuildPhase;
			buildActionMask = 2147483647;
			files = (
				67E1E28E29D9B939004DA4A4 /* TVGuideInteractorTests.swift in Sources */,
				67E1E20429D95179004DA4A4 /* TVGuideView.swift in Sources */,
				67E1E27629D96088004DA4A4 /* ChannelTableViewCell.swift in Sources */,
				67E1E28529D9A0E1004DA4A4 /* TVGuideAPIClient.swift in Sources */,
				67E1E24929D95E77004DA4A4 /* JSONEncodingHelper.swift in Sources */,
				67E1E29129D9B9A8004DA4A4 /* MockTVGuideAPIClient.swift in Sources */,
				67E1E24729D95E77004DA4A4 /* JSONDataEncoding.swift in Sources */,
				67E1E29529D9BB40004DA4A4 /* TVGuideInteractorOutputMock.swift in Sources */,
				67E1E20029D9513D004DA4A4 /* TVGuideProtocols.swift in Sources */,
				67E1E25929D95E77004DA4A4 /* URLSessionImplementations.swift in Sources */,
				67E1E25529D95E77004DA4A4 /* Extensions.swift in Sources */,
				67E1E29829D9BC06004DA4A4 /* TVGuideAPIError.swift in Sources */,
				67E1E24B29D95E77004DA4A4 /* OpenISO8601DateFormatter.swift in Sources */,
				67E1E28C29D9AD9B004DA4A4 /* StoryboardType.swift in Sources */,
				67E1E24F29D95E77004DA4A4 /* CodableHelper.swift in Sources */,
				67E1E24529D95E77004DA4A4 /* APIs.swift in Sources */,
				67E1E24D29D95E77004DA4A4 /* Models.swift in Sources */,
				67E1E20A29D95235004DA4A4 /* TVGuideInteractor.swift in Sources */,
				67E1E25329D95E77004DA4A4 /* Configuration.swift in Sources */,
				67E1E25129D95E77004DA4A4 /* SynchronizedDictionary.swift in Sources */,
				67E1E28929D9AD6A004DA4A4 /* Storyboardable.swift in Sources */,
				67E1E27C29D96149004DA4A4 /* ProgramCollectionViewCell.swift in Sources */,
				67E1E26529D95E8F004DA4A4 /* DefaultAPI.swift in Sources */,
				67E1E25E29D95E86004DA4A4 /* ProgramItem.swift in Sources */,
				67E1E20729D951B2004DA4A4 /* TVGuidePresenter.swift in Sources */,
				67E1E26029D95E86004DA4A4 /* Channel.swift in Sources */,
				67E1E26229D95E86004DA4A4 /* ProgramItemRecentAirTime.swift in Sources */,
				67E1E28129D9A0C1004DA4A4 /* TVGuideAPIClientProtocol.swift in Sources */,
				67E1E24329D95E77004DA4A4 /* APIHelper.swift in Sources */,
				67E1E25729D95E77004DA4A4 /* Validation.swift in Sources */,
				67E1E29A29D9C2BE004DA4A4 /* InteractorTests.swift in Sources */,
				67E1E20D29D95256004DA4A4 /* TVGuideRouter.swift in Sources */,
			);
			runOnlyForDeploymentPostprocessing = 0;
		};
/* End PBXSourcesBuildPhase section */

/* Begin PBXTargetDependency section */
		67E1E1DB29D95078004DA4A4 /* PBXTargetDependency */ = {
			isa = PBXTargetDependency;
			target = 67E1E1C229D95077004DA4A4 /* TVGuide */;
			targetProxy = 67E1E1DA29D95078004DA4A4 /* PBXContainerItemProxy */;
		};
/* End PBXTargetDependency section */

/* Begin PBXVariantGroup section */
		67E1E1CC29D95077004DA4A4 /* Main.storyboard */ = {
			isa = PBXVariantGroup;
			children = (
				67E1E1CD29D95077004DA4A4 /* Base */,
			);
			name = Main.storyboard;
			sourceTree = "<group>";
		};
		67E1E1D129D95078004DA4A4 /* LaunchScreen.storyboard */ = {
			isa = PBXVariantGroup;
			children = (
				67E1E1D229D95078004DA4A4 /* Base */,
			);
			name = LaunchScreen.storyboard;
			sourceTree = "<group>";
		};
/* End PBXVariantGroup section */

/* Begin XCBuildConfiguration section */
		67E1E1EB29D95078004DA4A4 /* Debug */ = {
			isa = XCBuildConfiguration;
			buildSettings = {
				ALWAYS_SEARCH_USER_PATHS = NO;
				CLANG_ANALYZER_NONNULL = YES;
				CLANG_ANALYZER_NUMBER_OBJECT_CONVERSION = YES_AGGRESSIVE;
				CLANG_CXX_LANGUAGE_STANDARD = "gnu++20";
				CLANG_ENABLE_MODULES = YES;
				CLANG_ENABLE_OBJC_ARC = YES;
				CLANG_ENABLE_OBJC_WEAK = YES;
				CLANG_WARN_BLOCK_CAPTURE_AUTORELEASING = YES;
				CLANG_WARN_BOOL_CONVERSION = YES;
				CLANG_WARN_COMMA = YES;
				CLANG_WARN_CONSTANT_CONVERSION = YES;
				CLANG_WARN_DEPRECATED_OBJC_IMPLEMENTATIONS = YES;
				CLANG_WARN_DIRECT_OBJC_ISA_USAGE = YES_ERROR;
				CLANG_WARN_DOCUMENTATION_COMMENTS = YES;
				CLANG_WARN_EMPTY_BODY = YES;
				CLANG_WARN_ENUM_CONVERSION = YES;
				CLANG_WARN_INFINITE_RECURSION = YES;
				CLANG_WARN_INT_CONVERSION = YES;
				CLANG_WARN_NON_LITERAL_NULL_CONVERSION = YES;
				CLANG_WARN_OBJC_IMPLICIT_RETAIN_SELF = YES;
				CLANG_WARN_OBJC_LITERAL_CONVERSION = YES;
				CLANG_WARN_OBJC_ROOT_CLASS = YES_ERROR;
				CLANG_WARN_QUOTED_INCLUDE_IN_FRAMEWORK_HEADER = YES;
				CLANG_WARN_RANGE_LOOP_ANALYSIS = YES;
				CLANG_WARN_STRICT_PROTOTYPES = YES;
				CLANG_WARN_SUSPICIOUS_MOVE = YES;
				CLANG_WARN_UNGUARDED_AVAILABILITY = YES_AGGRESSIVE;
				CLANG_WARN_UNREACHABLE_CODE = YES;
				CLANG_WARN__DUPLICATE_METHOD_MATCH = YES;
				COPY_PHASE_STRIP = NO;
				DEBUG_INFORMATION_FORMAT = dwarf;
				ENABLE_STRICT_OBJC_MSGSEND = YES;
				ENABLE_TESTABILITY = YES;
				GCC_C_LANGUAGE_STANDARD = gnu11;
				GCC_DYNAMIC_NO_PIC = NO;
				GCC_NO_COMMON_BLOCKS = YES;
				GCC_OPTIMIZATION_LEVEL = 0;
				GCC_PREPROCESSOR_DEFINITIONS = (
					"DEBUG=1",
					"$(inherited)",
				);
				GCC_WARN_64_TO_32_BIT_CONVERSION = YES;
				GCC_WARN_ABOUT_RETURN_TYPE = YES_ERROR;
				GCC_WARN_UNDECLARED_SELECTOR = YES;
				GCC_WARN_UNINITIALIZED_AUTOS = YES_AGGRESSIVE;
				GCC_WARN_UNUSED_FUNCTION = YES;
				GCC_WARN_UNUSED_VARIABLE = YES;
				IPHONEOS_DEPLOYMENT_TARGET = 16.4;
				MTL_ENABLE_DEBUG_INFO = INCLUDE_SOURCE;
				MTL_FAST_MATH = YES;
				ONLY_ACTIVE_ARCH = YES;
				SDKROOT = iphoneos;
				SWIFT_ACTIVE_COMPILATION_CONDITIONS = DEBUG;
				SWIFT_OPTIMIZATION_LEVEL = "-Onone";
			};
			name = Debug;
		};
		67E1E1EC29D95078004DA4A4 /* Release */ = {
			isa = XCBuildConfiguration;
			buildSettings = {
				ALWAYS_SEARCH_USER_PATHS = NO;
				CLANG_ANALYZER_NONNULL = YES;
				CLANG_ANALYZER_NUMBER_OBJECT_CONVERSION = YES_AGGRESSIVE;
				CLANG_CXX_LANGUAGE_STANDARD = "gnu++20";
				CLANG_ENABLE_MODULES = YES;
				CLANG_ENABLE_OBJC_ARC = YES;
				CLANG_ENABLE_OBJC_WEAK = YES;
				CLANG_WARN_BLOCK_CAPTURE_AUTORELEASING = YES;
				CLANG_WARN_BOOL_CONVERSION = YES;
				CLANG_WARN_COMMA = YES;
				CLANG_WARN_CONSTANT_CONVERSION = YES;
				CLANG_WARN_DEPRECATED_OBJC_IMPLEMENTATIONS = YES;
				CLANG_WARN_DIRECT_OBJC_ISA_USAGE = YES_ERROR;
				CLANG_WARN_DOCUMENTATION_COMMENTS = YES;
				CLANG_WARN_EMPTY_BODY = YES;
				CLANG_WARN_ENUM_CONVERSION = YES;
				CLANG_WARN_INFINITE_RECURSION = YES;
				CLANG_WARN_INT_CONVERSION = YES;
				CLANG_WARN_NON_LITERAL_NULL_CONVERSION = YES;
				CLANG_WARN_OBJC_IMPLICIT_RETAIN_SELF = YES;
				CLANG_WARN_OBJC_LITERAL_CONVERSION = YES;
				CLANG_WARN_OBJC_ROOT_CLASS = YES_ERROR;
				CLANG_WARN_QUOTED_INCLUDE_IN_FRAMEWORK_HEADER = YES;
				CLANG_WARN_RANGE_LOOP_ANALYSIS = YES;
				CLANG_WARN_STRICT_PROTOTYPES = YES;
				CLANG_WARN_SUSPICIOUS_MOVE = YES;
				CLANG_WARN_UNGUARDED_AVAILABILITY = YES_AGGRESSIVE;
				CLANG_WARN_UNREACHABLE_CODE = YES;
				CLANG_WARN__DUPLICATE_METHOD_MATCH = YES;
				COPY_PHASE_STRIP = NO;
				DEBUG_INFORMATION_FORMAT = "dwarf-with-dsym";
				ENABLE_NS_ASSERTIONS = NO;
				ENABLE_STRICT_OBJC_MSGSEND = YES;
				GCC_C_LANGUAGE_STANDARD = gnu11;
				GCC_NO_COMMON_BLOCKS = YES;
				GCC_WARN_64_TO_32_BIT_CONVERSION = YES;
				GCC_WARN_ABOUT_RETURN_TYPE = YES_ERROR;
				GCC_WARN_UNDECLARED_SELECTOR = YES;
				GCC_WARN_UNINITIALIZED_AUTOS = YES_AGGRESSIVE;
				GCC_WARN_UNUSED_FUNCTION = YES;
				GCC_WARN_UNUSED_VARIABLE = YES;
				IPHONEOS_DEPLOYMENT_TARGET = 16.4;
				MTL_ENABLE_DEBUG_INFO = NO;
				MTL_FAST_MATH = YES;
				SDKROOT = iphoneos;
				SWIFT_COMPILATION_MODE = wholemodule;
				SWIFT_OPTIMIZATION_LEVEL = "-O";
				VALIDATE_PRODUCT = YES;
			};
			name = Release;
		};
		67E1E1EE29D95078004DA4A4 /* Debug */ = {
			isa = XCBuildConfiguration;
			buildSettings = {
				ASSETCATALOG_COMPILER_APPICON_NAME = AppIcon;
				ASSETCATALOG_COMPILER_GLOBAL_ACCENT_COLOR_NAME = AccentColor;
				CODE_SIGN_STYLE = Automatic;
				CURRENT_PROJECT_VERSION = 1;
				GENERATE_INFOPLIST_FILE = YES;
				INFOPLIST_FILE = TVGuide/Info.plist;
				INFOPLIST_KEY_UIApplicationSupportsIndirectInputEvents = YES;
				INFOPLIST_KEY_UILaunchStoryboardName = LaunchScreen;
				INFOPLIST_KEY_UIMainStoryboardFile = Main;
				INFOPLIST_KEY_UISupportedInterfaceOrientations_iPad = "UIInterfaceOrientationPortrait UIInterfaceOrientationPortraitUpsideDown UIInterfaceOrientationLandscapeLeft UIInterfaceOrientationLandscapeRight";
				INFOPLIST_KEY_UISupportedInterfaceOrientations_iPhone = "UIInterfaceOrientationPortrait UIInterfaceOrientationLandscapeLeft UIInterfaceOrientationLandscapeRight";
				LD_RUNPATH_SEARCH_PATHS = (
					"$(inherited)",
					"@executable_path/Frameworks",
				);
				MARKETING_VERSION = 1.0;
				PRODUCT_BUNDLE_IDENTIFIER = sos.TVGuide;
				PRODUCT_NAME = "$(TARGET_NAME)";
				SWIFT_EMIT_LOC_STRINGS = YES;
				SWIFT_VERSION = 5.0;
				TARGETED_DEVICE_FAMILY = "1,2";
			};
			name = Debug;
		};
		67E1E1EF29D95078004DA4A4 /* Release */ = {
			isa = XCBuildConfiguration;
			buildSettings = {
				ASSETCATALOG_COMPILER_APPICON_NAME = AppIcon;
				ASSETCATALOG_COMPILER_GLOBAL_ACCENT_COLOR_NAME = AccentColor;
				CODE_SIGN_STYLE = Automatic;
				CURRENT_PROJECT_VERSION = 1;
				GENERATE_INFOPLIST_FILE = YES;
				INFOPLIST_FILE = TVGuide/Info.plist;
				INFOPLIST_KEY_UIApplicationSupportsIndirectInputEvents = YES;
				INFOPLIST_KEY_UILaunchStoryboardName = LaunchScreen;
				INFOPLIST_KEY_UIMainStoryboardFile = Main;
				INFOPLIST_KEY_UISupportedInterfaceOrientations_iPad = "UIInterfaceOrientationPortrait UIInterfaceOrientationPortraitUpsideDown UIInterfaceOrientationLandscapeLeft UIInterfaceOrientationLandscapeRight";
				INFOPLIST_KEY_UISupportedInterfaceOrientations_iPhone = "UIInterfaceOrientationPortrait UIInterfaceOrientationLandscapeLeft UIInterfaceOrientationLandscapeRight";
				LD_RUNPATH_SEARCH_PATHS = (
					"$(inherited)",
					"@executable_path/Frameworks",
				);
				MARKETING_VERSION = 1.0;
				PRODUCT_BUNDLE_IDENTIFIER = sos.TVGuide;
				PRODUCT_NAME = "$(TARGET_NAME)";
				SWIFT_EMIT_LOC_STRINGS = YES;
				SWIFT_VERSION = 5.0;
				TARGETED_DEVICE_FAMILY = "1,2";
			};
			name = Release;
		};
		67E1E1F129D95078004DA4A4 /* Debug */ = {
			isa = XCBuildConfiguration;
			buildSettings = {
				ALWAYS_EMBED_SWIFT_STANDARD_LIBRARIES = YES;
				BUNDLE_LOADER = "$(TEST_HOST)";
				CODE_SIGN_STYLE = Automatic;
				CURRENT_PROJECT_VERSION = 1;
				GENERATE_INFOPLIST_FILE = YES;
				IPHONEOS_DEPLOYMENT_TARGET = 16.4;
				MARKETING_VERSION = 1.0;
				PRODUCT_BUNDLE_IDENTIFIER = sos.TVGuideTests;
				PRODUCT_NAME = "$(TARGET_NAME)";
				SWIFT_EMIT_LOC_STRINGS = NO;
				SWIFT_VERSION = 5.0;
				TARGETED_DEVICE_FAMILY = "1,2";
				TEST_HOST = "$(BUILT_PRODUCTS_DIR)/TVGuide.app/$(BUNDLE_EXECUTABLE_FOLDER_PATH)/TVGuide";
			};
			name = Debug;
		};
		67E1E1F229D95078004DA4A4 /* Release */ = {
			isa = XCBuildConfiguration;
			buildSettings = {
				ALWAYS_EMBED_SWIFT_STANDARD_LIBRARIES = YES;
				BUNDLE_LOADER = "$(TEST_HOST)";
				CODE_SIGN_STYLE = Automatic;
				CURRENT_PROJECT_VERSION = 1;
				GENERATE_INFOPLIST_FILE = YES;
				IPHONEOS_DEPLOYMENT_TARGET = 16.4;
				MARKETING_VERSION = 1.0;
				PRODUCT_BUNDLE_IDENTIFIER = sos.TVGuideTests;
				PRODUCT_NAME = "$(TARGET_NAME)";
				SWIFT_EMIT_LOC_STRINGS = NO;
				SWIFT_VERSION = 5.0;
				TARGETED_DEVICE_FAMILY = "1,2";
				TEST_HOST = "$(BUILT_PRODUCTS_DIR)/TVGuide.app/$(BUNDLE_EXECUTABLE_FOLDER_PATH)/TVGuide";
			};
			name = Release;
		};
/* End XCBuildConfiguration section */

/* Begin XCConfigurationList section */
		67E1E1BE29D95077004DA4A4 /* Build configuration list for PBXProject "TVGuide" */ = {
			isa = XCConfigurationList;
			buildConfigurations = (
				67E1E1EB29D95078004DA4A4 /* Debug */,
				67E1E1EC29D95078004DA4A4 /* Release */,
			);
			defaultConfigurationIsVisible = 0;
			defaultConfigurationName = Release;
		};
		67E1E1ED29D95078004DA4A4 /* Build configuration list for PBXNativeTarget "TVGuide" */ = {
			isa = XCConfigurationList;
			buildConfigurations = (
				67E1E1EE29D95078004DA4A4 /* Debug */,
				67E1E1EF29D95078004DA4A4 /* Release */,
			);
			defaultConfigurationIsVisible = 0;
			defaultConfigurationName = Release;
		};
		67E1E1F029D95078004DA4A4 /* Build configuration list for PBXNativeTarget "TVGuideTests" */ = {
			isa = XCConfigurationList;
			buildConfigurations = (
				67E1E1F129D95078004DA4A4 /* Debug */,
				67E1E1F229D95078004DA4A4 /* Release */,
			);
			defaultConfigurationIsVisible = 0;
			defaultConfigurationName = Release;
		};
/* End XCConfigurationList section */
	};
	rootObject = 67E1E1BB29D95077004DA4A4 /* Project object */;
}
